lockfileVersion: '9.0'

settings:
  autoInstallPeers: true
  excludeLinksFromLockfile: false

importers:

  .:
    dependencies:
      '@types/node':
        specifier: latest
        version: 20.11.28
      tsx:
        specifier: ^4.7.1
        version: 4.7.1
      typescript:
        specifier: latest
        version: 5.4.2

  benches/apps/app-tools:
    dependencies:
      '@sim/bench-tools':
        specifier: workspace:*
        version: link:../../sims/bench-tools
    devDependencies:
      tsconfig:
        specifier: workspace:*
        version: link:../../../packages/tsconfig

  benches/apps/n-body:
    dependencies:
      '@app/bench-tools':
        specifier: workspace:*
        version: link:../app-tools
      '@bitecs/classic':
        specifier: workspace:*
        version: link:../../../packages/classic
      '@sim/n-body':
        specifier: workspace:*
        version: link:../../sims/n-body
      three:
        specifier: ^0.162.0
        version: 0.162.0
    devDependencies:
      '@types/three':
        specifier: ^0.162.0
        version: 0.162.0
      typescript:
        specifier: ^5.2.2
        version: 5.4.2
      vite:
        specifier: ^5.1.6
        version: 5.1.6(@types/node@20.11.28)

  benches/apps/n-body-mt:
    dependencies:
      '@app/bench-tools':
        specifier: workspace:*
        version: link:../app-tools
      '@bitecs/classic':
        specifier: workspace:*
        version: link:../../../packages/classic
      '@sim/n-body-mt':
        specifier: workspace:*
        version: link:../../sims/n-body-mt
      three:
        specifier: ^0.162.0
        version: 0.162.0
    devDependencies:
      '@types/three':
        specifier: ^0.162.0
        version: 0.162.0
      typescript:
        specifier: ^5.2.2
        version: 5.4.3
      vite:
        specifier: ^5.1.6
        version: 5.1.6(@types/node@20.11.28)

  benches/sims/bench-tools:
    dependencies:
      '@bitecs/classic':
        specifier: workspace:*
        version: link:../../../packages/classic
      web-worker:
        specifier: ^1.3.0
        version: 1.3.0
    devDependencies:
      tsconfig:
        specifier: workspace:*
        version: link:../../../packages/tsconfig

  benches/sims/n-body:
    dependencies:
      '@bitecs/classic':
        specifier: workspace:*
        version: link:../../../packages/classic
      '@sim/bench-tools':
        specifier: workspace:*
        version: link:../bench-tools
    devDependencies:
      tsconfig:
        specifier: workspace:*
        version: link:../../../packages/tsconfig
      tsx:
        specifier: latest
        version: 4.7.1

  benches/sims/n-body-aos:
    dependencies:
      '@bitecs/classic':
        specifier: workspace:*
        version: link:../../../packages/classic
      '@sim/bench-tools':
        specifier: workspace:*
        version: link:../bench-tools
    devDependencies:
      tsconfig:
        specifier: workspace:*
        version: link:../../../packages/tsconfig
      tsx:
        specifier: latest
        version: 4.7.1

  benches/sims/n-body-mt:
    dependencies:
      '@bitecs/classic':
        specifier: workspace:*
        version: link:../../../packages/classic
      '@sim/bench-tools':
        specifier: workspace:*
        version: link:../bench-tools
    devDependencies:
      tsconfig:
        specifier: workspace:*
        version: link:../../../packages/tsconfig
      tsx:
        specifier: latest
        version: 4.7.1

  packages/ai:
    dependencies:
      dotenv:
        specifier: ^16.4.5
        version: 16.4.5
      openai:
        specifier: ^4.35.0
        version: 4.35.0
    devDependencies:
      '@types/assert':
        specifier: ^1.5.10
        version: 1.5.10
      tsconfig:
        specifier: workspace:*
        version: link:../tsconfig
      vitest:
        specifier: ^1.4.0
        version: 1.4.0(@types/node@20.11.28)

  packages/archetypes:
    devDependencies:
      '@types/assert':
        specifier: ^1.5.10
        version: 1.5.10
      tsconfig:
        specifier: workspace:*
        version: link:../tsconfig
      vitest:
        specifier: ^1.4.0
        version: 1.4.0(@types/node@20.11.28)

  packages/classic:
    dependencies:
      '@bitecs/utils':
        specifier: workspace:*
        version: link:../utils
    devDependencies:
      '@types/assert':
        specifier: ^1.5.10
        version: 1.5.10
      tsconfig:
        specifier: workspace:*
        version: link:../tsconfig
      vitest:
        specifier: ^1.4.0
        version: 1.4.0(@types/node@20.11.28)

  packages/core:
    devDependencies:
      '@types/assert':
        specifier: ^1.5.10
        version: 1.5.10
      tsconfig:
        specifier: workspace:*
        version: link:../tsconfig
      vitest:
        specifier: ^1.4.0
        version: 1.4.0(@types/node@20.11.28)

  packages/serialize:
    devDependencies:
      '@types/assert':
        specifier: ^1.5.10
        version: 1.5.10
      tsconfig:
        specifier: workspace:*
        version: link:../tsconfig
      vitest:
        specifier: ^1.4.0
        version: 1.4.0(@types/node@20.11.28)

  packages/tsconfig: {}

  packages/utils:
    devDependencies:
      '@types/assert':
        specifier: ^1.5.10
        version: 1.5.10
      tsconfig:
        specifier: workspace:*
        version: link:../tsconfig
      vitest:
        specifier: ^1.4.0
        version: 1.4.0(@types/node@20.11.28)

packages:

  '@esbuild/aix-ppc64@0.19.12':
    resolution: {integrity: sha512-bmoCYyWdEL3wDQIVbcyzRyeKLgk2WtWLTWz1ZIAZF/EGbNOwSA6ew3PftJ1PqMiOOGu0OyFMzG53L0zqIpPeNA==}
    engines: {node: '>=12'}
    cpu: [ppc64]
    os: [aix]

  '@esbuild/android-arm64@0.19.12':
    resolution: {integrity: sha512-P0UVNGIienjZv3f5zq0DP3Nt2IE/3plFzuaS96vihvD0Hd6H/q4WXUGpCxD/E8YrSXfNyRPbpTq+T8ZQioSuPA==}
    engines: {node: '>=12'}
    cpu: [arm64]
    os: [android]

  '@esbuild/android-arm@0.19.12':
    resolution: {integrity: sha512-qg/Lj1mu3CdQlDEEiWrlC4eaPZ1KztwGJ9B6J+/6G+/4ewxJg7gqj8eVYWvao1bXrqGiW2rsBZFSX3q2lcW05w==}
    engines: {node: '>=12'}
    cpu: [arm]
    os: [android]

  '@esbuild/android-x64@0.19.12':
    resolution: {integrity: sha512-3k7ZoUW6Q6YqhdhIaq/WZ7HwBpnFBlW905Fa4s4qWJyiNOgT1dOqDiVAQFwBH7gBRZr17gLrlFCRzF6jFh7Kew==}
    engines: {node: '>=12'}
    cpu: [x64]
    os: [android]

  '@esbuild/darwin-arm64@0.19.12':
    resolution: {integrity: sha512-B6IeSgZgtEzGC42jsI+YYu9Z3HKRxp8ZT3cqhvliEHovq8HSX2YX8lNocDn79gCKJXOSaEot9MVYky7AKjCs8g==}
    engines: {node: '>=12'}
    cpu: [arm64]
    os: [darwin]

  '@esbuild/darwin-x64@0.19.12':
    resolution: {integrity: sha512-hKoVkKzFiToTgn+41qGhsUJXFlIjxI/jSYeZf3ugemDYZldIXIxhvwN6erJGlX4t5h417iFuheZ7l+YVn05N3A==}
    engines: {node: '>=12'}
    cpu: [x64]
    os: [darwin]

  '@esbuild/freebsd-arm64@0.19.12':
    resolution: {integrity: sha512-4aRvFIXmwAcDBw9AueDQ2YnGmz5L6obe5kmPT8Vd+/+x/JMVKCgdcRwH6APrbpNXsPz+K653Qg8HB/oXvXVukA==}
    engines: {node: '>=12'}
    cpu: [arm64]
    os: [freebsd]

  '@esbuild/freebsd-x64@0.19.12':
    resolution: {integrity: sha512-EYoXZ4d8xtBoVN7CEwWY2IN4ho76xjYXqSXMNccFSx2lgqOG/1TBPW0yPx1bJZk94qu3tX0fycJeeQsKovA8gg==}
    engines: {node: '>=12'}
    cpu: [x64]
    os: [freebsd]

  '@esbuild/linux-arm64@0.19.12':
    resolution: {integrity: sha512-EoTjyYyLuVPfdPLsGVVVC8a0p1BFFvtpQDB/YLEhaXyf/5bczaGeN15QkR+O4S5LeJ92Tqotve7i1jn35qwvdA==}
    engines: {node: '>=12'}
    cpu: [arm64]
    os: [linux]

  '@esbuild/linux-arm@0.19.12':
    resolution: {integrity: sha512-J5jPms//KhSNv+LO1S1TX1UWp1ucM6N6XuL6ITdKWElCu8wXP72l9MM0zDTzzeikVyqFE6U8YAV9/tFyj0ti+w==}
    engines: {node: '>=12'}
    cpu: [arm]
    os: [linux]

  '@esbuild/linux-ia32@0.19.12':
    resolution: {integrity: sha512-Thsa42rrP1+UIGaWz47uydHSBOgTUnwBwNq59khgIwktK6x60Hivfbux9iNR0eHCHzOLjLMLfUMLCypBkZXMHA==}
    engines: {node: '>=12'}
    cpu: [ia32]
    os: [linux]

  '@esbuild/linux-loong64@0.19.12':
    resolution: {integrity: sha512-LiXdXA0s3IqRRjm6rV6XaWATScKAXjI4R4LoDlvO7+yQqFdlr1Bax62sRwkVvRIrwXxvtYEHHI4dm50jAXkuAA==}
    engines: {node: '>=12'}
    cpu: [loong64]
    os: [linux]

  '@esbuild/linux-mips64el@0.19.12':
    resolution: {integrity: sha512-fEnAuj5VGTanfJ07ff0gOA6IPsvrVHLVb6Lyd1g2/ed67oU1eFzL0r9WL7ZzscD+/N6i3dWumGE1Un4f7Amf+w==}
    engines: {node: '>=12'}
    cpu: [mips64el]
    os: [linux]

  '@esbuild/linux-ppc64@0.19.12':
    resolution: {integrity: sha512-nYJA2/QPimDQOh1rKWedNOe3Gfc8PabU7HT3iXWtNUbRzXS9+vgB0Fjaqr//XNbd82mCxHzik2qotuI89cfixg==}
    engines: {node: '>=12'}
    cpu: [ppc64]
    os: [linux]

  '@esbuild/linux-riscv64@0.19.12':
    resolution: {integrity: sha512-2MueBrlPQCw5dVJJpQdUYgeqIzDQgw3QtiAHUC4RBz9FXPrskyyU3VI1hw7C0BSKB9OduwSJ79FTCqtGMWqJHg==}
    engines: {node: '>=12'}
    cpu: [riscv64]
    os: [linux]

  '@esbuild/linux-s390x@0.19.12':
    resolution: {integrity: sha512-+Pil1Nv3Umes4m3AZKqA2anfhJiVmNCYkPchwFJNEJN5QxmTs1uzyy4TvmDrCRNT2ApwSari7ZIgrPeUx4UZDg==}
    engines: {node: '>=12'}
    cpu: [s390x]
    os: [linux]

  '@esbuild/linux-x64@0.19.12':
    resolution: {integrity: sha512-B71g1QpxfwBvNrfyJdVDexenDIt1CiDN1TIXLbhOw0KhJzE78KIFGX6OJ9MrtC0oOqMWf+0xop4qEU8JrJTwCg==}
    engines: {node: '>=12'}
    cpu: [x64]
    os: [linux]

  '@esbuild/netbsd-x64@0.19.12':
    resolution: {integrity: sha512-3ltjQ7n1owJgFbuC61Oj++XhtzmymoCihNFgT84UAmJnxJfm4sYCiSLTXZtE00VWYpPMYc+ZQmB6xbSdVh0JWA==}
    engines: {node: '>=12'}
    cpu: [x64]
    os: [netbsd]

  '@esbuild/openbsd-x64@0.19.12':
    resolution: {integrity: sha512-RbrfTB9SWsr0kWmb9srfF+L933uMDdu9BIzdA7os2t0TXhCRjrQyCeOt6wVxr79CKD4c+p+YhCj31HBkYcXebw==}
    engines: {node: '>=12'}
    cpu: [x64]
    os: [openbsd]

  '@esbuild/sunos-x64@0.19.12':
    resolution: {integrity: sha512-HKjJwRrW8uWtCQnQOz9qcU3mUZhTUQvi56Q8DPTLLB+DawoiQdjsYq+j+D3s9I8VFtDr+F9CjgXKKC4ss89IeA==}
    engines: {node: '>=12'}
    cpu: [x64]
    os: [sunos]

  '@esbuild/win32-arm64@0.19.12':
    resolution: {integrity: sha512-URgtR1dJnmGvX864pn1B2YUYNzjmXkuJOIqG2HdU62MVS4EHpU2946OZoTMnRUHklGtJdJZ33QfzdjGACXhn1A==}
    engines: {node: '>=12'}
    cpu: [arm64]
    os: [win32]

  '@esbuild/win32-ia32@0.19.12':
    resolution: {integrity: sha512-+ZOE6pUkMOJfmxmBZElNOx72NKpIa/HFOMGzu8fqzQJ5kgf6aTGrcJaFsNiVMH4JKpMipyK+7k0n2UXN7a8YKQ==}
    engines: {node: '>=12'}
    cpu: [ia32]
    os: [win32]

  '@esbuild/win32-x64@0.19.12':
    resolution: {integrity: sha512-T1QyPSDCyMXaO3pzBkF96E8xMkiRYbUEZADd29SyPGabqxMViNoii+NcK7eWJAEoU6RZyEm5lVSIjTmcdoB9HA==}
    engines: {node: '>=12'}
    cpu: [x64]
    os: [win32]

  '@jest/schemas@29.6.3':
    resolution: {integrity: sha512-mo5j5X+jIZmJQveBKeS/clAueipV7KgiX1vMgCxam1RNYiqE1w62n0/tJJnHtjW8ZHcQco5gY85jA3mi0L+nSA==}
    engines: {node: ^14.15.0 || ^16.10.0 || >=18.0.0}

  '@jridgewell/sourcemap-codec@1.4.15':
    resolution: {integrity: sha512-eF2rxCRulEKXHTRiDrDy6erMYWqNw4LPdQ8UQA4huuxaQsVeRPFl2oM8oDGxMFhJUWZf9McpLtJasDDZb/Bpeg==}

  '@rollup/rollup-android-arm-eabi@4.13.0':
    resolution: {integrity: sha512-5ZYPOuaAqEH/W3gYsRkxQATBW3Ii1MfaT4EQstTnLKViLi2gLSQmlmtTpGucNP3sXEpOiI5tdGhjdE111ekyEg==}
    cpu: [arm]
    os: [android]

  '@rollup/rollup-android-arm64@4.13.0':
    resolution: {integrity: sha512-BSbaCmn8ZadK3UAQdlauSvtaJjhlDEjS5hEVVIN3A4bbl3X+otyf/kOJV08bYiRxfejP3DXFzO2jz3G20107+Q==}
    cpu: [arm64]
    os: [android]

  '@rollup/rollup-darwin-arm64@4.13.0':
    resolution: {integrity: sha512-Ovf2evVaP6sW5Ut0GHyUSOqA6tVKfrTHddtmxGQc1CTQa1Cw3/KMCDEEICZBbyppcwnhMwcDce9ZRxdWRpVd6g==}
    cpu: [arm64]
    os: [darwin]

  '@rollup/rollup-darwin-x64@4.13.0':
    resolution: {integrity: sha512-U+Jcxm89UTK592vZ2J9st9ajRv/hrwHdnvyuJpa5A2ngGSVHypigidkQJP+YiGL6JODiUeMzkqQzbCG3At81Gg==}
    cpu: [x64]
    os: [darwin]

  '@rollup/rollup-linux-arm-gnueabihf@4.13.0':
    resolution: {integrity: sha512-8wZidaUJUTIR5T4vRS22VkSMOVooG0F4N+JSwQXWSRiC6yfEsFMLTYRFHvby5mFFuExHa/yAp9juSphQQJAijQ==}
    cpu: [arm]
    os: [linux]

  '@rollup/rollup-linux-arm64-gnu@4.13.0':
    resolution: {integrity: sha512-Iu0Kno1vrD7zHQDxOmvweqLkAzjxEVqNhUIXBsZ8hu8Oak7/5VTPrxOEZXYC1nmrBVJp0ZcL2E7lSuuOVaE3+w==}
    cpu: [arm64]
    os: [linux]

  '@rollup/rollup-linux-arm64-musl@4.13.0':
    resolution: {integrity: sha512-C31QrW47llgVyrRjIwiOwsHFcaIwmkKi3PCroQY5aVq4H0A5v/vVVAtFsI1nfBngtoRpeREvZOkIhmRwUKkAdw==}
    cpu: [arm64]
    os: [linux]

  '@rollup/rollup-linux-riscv64-gnu@4.13.0':
    resolution: {integrity: sha512-Oq90dtMHvthFOPMl7pt7KmxzX7E71AfyIhh+cPhLY9oko97Zf2C9tt/XJD4RgxhaGeAraAXDtqxvKE1y/j35lA==}
    cpu: [riscv64]
    os: [linux]

  '@rollup/rollup-linux-x64-gnu@4.13.0':
    resolution: {integrity: sha512-yUD/8wMffnTKuiIsl6xU+4IA8UNhQ/f1sAnQebmE/lyQ8abjsVyDkyRkWop0kdMhKMprpNIhPmYlCxgHrPoXoA==}
    cpu: [x64]
    os: [linux]

  '@rollup/rollup-linux-x64-musl@4.13.0':
    resolution: {integrity: sha512-9RyNqoFNdF0vu/qqX63fKotBh43fJQeYC98hCaf89DYQpv+xu0D8QFSOS0biA7cGuqJFOc1bJ+m2rhhsKcw1hw==}
    cpu: [x64]
    os: [linux]

  '@rollup/rollup-win32-arm64-msvc@4.13.0':
    resolution: {integrity: sha512-46ue8ymtm/5PUU6pCvjlic0z82qWkxv54GTJZgHrQUuZnVH+tvvSP0LsozIDsCBFO4VjJ13N68wqrKSeScUKdA==}
    cpu: [arm64]
    os: [win32]

  '@rollup/rollup-win32-ia32-msvc@4.13.0':
    resolution: {integrity: sha512-P5/MqLdLSlqxbeuJ3YDeX37srC8mCflSyTrUsgbU1c/U9j6l2g2GiIdYaGD9QjdMQPMSgYm7hgg0551wHyIluw==}
    cpu: [ia32]
    os: [win32]

  '@rollup/rollup-win32-x64-msvc@4.13.0':
    resolution: {integrity: sha512-UKXUQNbO3DOhzLRwHSpa0HnhhCgNODvfoPWv2FCXme8N/ANFfhIPMGuOT+QuKd16+B5yxZ0HdpNlqPvTMS1qfw==}
    cpu: [x64]
    os: [win32]

  '@sinclair/typebox@0.27.8':
    resolution: {integrity: sha512-+Fj43pSMwJs4KRrH/938Uf+uAELIgVBmQzg/q1YG10djyfA3TnrU8N8XzqCh/okZdszqBQTZf96idMfE5lnwTA==}

  '@tweenjs/tween.js@23.1.1':
    resolution: {integrity: sha512-ZpboH7pCPPeyBWKf8c7TJswtCEQObFo3bOBYalm99NzZarATALYCo5OhbCa/n4RQyJyHfhkdx+hNrdL5ByFYDw==}

  '@types/assert@1.5.10':
    resolution: {integrity: sha512-qEO+AUgYab7GVbeDDgUNCU3o0aZUoIMpNAe+w5LDbRxfxQX7vQAdDgwj1AroX+i8KaV56FWg0srXlSZROnsrIQ==}

  '@types/estree@1.0.5':
    resolution: {integrity: sha512-/kYRxGDLWzHOB7q+wtSUQlFrtcdUccpfy+X+9iMBpHK8QLLhx2wIPYuS5DYtR9Wa/YlZAbIovy7qVdB1Aq6Lyw==}

  '@types/node-fetch@2.6.11':
    resolution: {integrity: sha512-24xFj9R5+rfQJLRyM56qh+wnVSYhyXC2tkoBndtY0U+vubqNsYXGjufB2nn8Q6gt0LrARwL6UBtMCSVCwl4B1g==}

  '@types/node@18.19.31':
    resolution: {integrity: sha512-ArgCD39YpyyrtFKIqMDvjz79jto5fcI/SVUs2HwB+f0dAzq68yqOdyaSivLiLugSziTpNXLQrVb7RZFmdZzbhA==}

  '@types/node@20.11.28':
    resolution: {integrity: sha512-M/GPWVS2wLkSkNHVeLkrF2fD5Lx5UC4PxA0uZcKc6QqbIQUJyW1jVjueJYi1z8n0I5PxYrtpnPnWglE+y9A0KA==}

  '@types/node@20.12.7':
    resolution: {integrity: sha512-wq0cICSkRLVaf3UGLMGItu/PtdY7oaXaI/RVU+xliKVOtRna3PRY57ZDfztpDL0n11vfymMUnXv8QwYCO7L1wg==}

  '@types/stats.js@0.17.3':
    resolution: {integrity: sha512-pXNfAD3KHOdif9EQXZ9deK82HVNaXP5ZIF5RP2QG6OQFNTaY2YIetfrE9t528vEreGQvEPRDDc8muaoYeK0SxQ==}

  '@types/three@0.162.0':
    resolution: {integrity: sha512-0j5yZcVukVIhrhSIC7+LmBPkkMoMuEJ1AfYBZfgNytdYqYREMuiyXWhYOMeZLBElTEAlJIZn7r2W3vqTIgjWlg==}

  '@types/webxr@0.5.14':
    resolution: {integrity: sha512-UEMMm/Xn3DtEa+gpzUrOcDj+SJS1tk5YodjwOxcqStNhCfPcwgyC5Srg2ToVKyg2Fhq16Ffpb0UWUQHqoT9AMA==}

  '@vitest/expect@1.4.0':
    resolution: {integrity: sha512-Jths0sWCJZ8BxjKe+p+eKsoqev1/T8lYcrjavEaz8auEJ4jAVY0GwW3JKmdVU4mmNPLPHixh4GNXP7GFtAiDHA==}

  '@vitest/runner@1.4.0':
    resolution: {integrity: sha512-EDYVSmesqlQ4RD2VvWo3hQgTJ7ZrFQ2VSJdfiJiArkCerDAGeyF1i6dHkmySqk573jLp6d/cfqCN+7wUB5tLgg==}

  '@vitest/snapshot@1.4.0':
    resolution: {integrity: sha512-saAFnt5pPIA5qDGxOHxJ/XxhMFKkUSBJmVt5VgDsAqPTX6JP326r5C/c9UuCMPoXNzuudTPsYDZCoJ5ilpqG2A==}

  '@vitest/spy@1.4.0':
    resolution: {integrity: sha512-Ywau/Qs1DzM/8Uc+yA77CwSegizMlcgTJuYGAi0jujOteJOUf1ujunHThYo243KG9nAyWT3L9ifPYZ5+As/+6Q==}

  '@vitest/utils@1.4.0':
    resolution: {integrity: sha512-mx3Yd1/6e2Vt/PUC98DcqTirtfxUyAZ32uK82r8rZzbtBeBo+nqgnjx/LvqQdWsrvNtm14VmurNgcf4nqY5gJg==}

  abort-controller@3.0.0:
    resolution: {integrity: sha512-h8lQ8tacZYnR3vNQTgibj+tODHI5/+l06Au2Pcriv/Gmet0eaj4TwWH41sO9wnHDiQsEj19q0drzdWdeAHtweg==}
    engines: {node: '>=6.5'}

  acorn-walk@8.3.2:
    resolution: {integrity: sha512-cjkyv4OtNCIeqhHrfS81QWXoCBPExR/J62oyEqepVw8WaQeSqpW2uhuLPh1m9eWhDuOo/jUXVTlifvesOWp/4A==}
    engines: {node: '>=0.4.0'}

  acorn@8.11.3:
    resolution: {integrity: sha512-Y9rRfJG5jcKOE0CLisYbojUjIrIEE7AGMzA/Sm4BslANhbS+cDMpgBdcPT91oJ7OuJ9hYJBx59RjbhxVnrF8Xg==}
    engines: {node: '>=0.4.0'}
    hasBin: true

  agentkeepalive@4.5.0:
    resolution: {integrity: sha512-5GG/5IbQQpC9FpkRGsSvZI5QYeSCzlJHdpBQntCsuTOxhKD8lqKhrleg2Yi7yvMIf82Ycmmqln9U8V9qwEiJew==}
    engines: {node: '>= 8.0.0'}

  ansi-styles@5.2.0:
    resolution: {integrity: sha512-Cxwpt2SfTzTtXcfOlzGEee8O+c+MmUgGrNiBcXnuWxuFJHe6a5Hz7qwhwe5OgaSYI0IJvkLqWX1ASG+cJOkEiA==}
    engines: {node: '>=10'}

  assertion-error@1.1.0:
    resolution: {integrity: sha512-jgsaNduz+ndvGyFt3uSuWqvy4lCnIJiovtouQN5JZHOKCS2QuhEdbcQHFhVksz2N2U9hXJo8odG7ETyWlEeuDw==}

  asynckit@0.4.0:
    resolution: {integrity: sha512-Oei9OH4tRh0YqU3GxhX79dM/mwVgvbZJaSNaRk+bshkj0S5cfHcgYakreBjrHwatXKbz+IoIdYLxrKim2MjW0Q==}

  cac@6.7.14:
    resolution: {integrity: sha512-b6Ilus+c3RrdDk+JhLKUAQfzzgLEPy6wcXqS7f/xe1EETvsDP6GORG7SFuOs6cID5YkqchW/LXZbX5bc8j7ZcQ==}
    engines: {node: '>=8'}

  chai@4.4.1:
    resolution: {integrity: sha512-13sOfMv2+DWduEU+/xbun3LScLoqN17nBeTLUsmDfKdoiC1fr0n9PU4guu4AhRcOVFk/sW8LyZWHuhWtQZiF+g==}
    engines: {node: '>=4'}

  check-error@1.0.3:
    resolution: {integrity: sha512-iKEoDYaRmd1mxM90a2OEfWhjsjPpYPuQ+lMYsoxB126+t8fw7ySEO48nmDg5COTjxDI65/Y2OWpeEHk3ZOe8zg==}

  combined-stream@1.0.8:
    resolution: {integrity: sha512-FQN4MRfuJeHf7cBbBMJFXhKSDq+2kAArBlmRBvcvFE5BB1HZKXtSFASDhdlz9zOYwxh8lDdnvmMOe/+5cdoEdg==}
    engines: {node: '>= 0.8'}

  cross-spawn@7.0.3:
    resolution: {integrity: sha512-iRDPJKUPVEND7dHPO8rkbOnPpyDygcDFtWjpeWNCgy8WP2rXcxXL8TskReQl6OrB2G7+UJrags1q15Fudc7G6w==}
    engines: {node: '>= 8'}

  debug@4.3.4:
    resolution: {integrity: sha512-PRWFHuSU3eDtQJPvnNY7Jcket1j0t5OuOsFzPPzsekD52Zl8qUfFIPEiswXqIvHWGVHOgX+7G/vCNNhehwxfkQ==}
    engines: {node: '>=6.0'}
    peerDependencies:
      supports-color: '*'
    peerDependenciesMeta:
      supports-color:
        optional: true

  deep-eql@4.1.3:
    resolution: {integrity: sha512-WaEtAOpRA1MQ0eohqZjpGD8zdI0Ovsm8mmFhaDN8dvDZzyoUMcYDnf5Y6iu7HTXxf8JDS23qWa4a+hKCDyOPzw==}
    engines: {node: '>=6'}

  delayed-stream@1.0.0:
    resolution: {integrity: sha512-ZySD7Nf91aLB0RxL4KGrKHBXl7Eds1DAmEdcoVawXnLD7SDhpNgtuII2aAkg7a7QS41jxPSZ17p4VdGnMHk3MQ==}
    engines: {node: '>=0.4.0'}

  diff-sequences@29.6.3:
    resolution: {integrity: sha512-EjePK1srD3P08o2j4f0ExnylqRs5B9tJjcp9t1krH2qRi8CCdsYfwe9JgSLurFBWwq4uOlipzfk5fHNvwFKr8Q==}
    engines: {node: ^14.15.0 || ^16.10.0 || >=18.0.0}

  dotenv@16.4.5:
    resolution: {integrity: sha512-ZmdL2rui+eB2YwhsWzjInR8LldtZHGDoQ1ugH85ppHKwpUHL7j7rN0Ti9NCnGiQbhaZ11FpR+7ao1dNsmduNUg==}
    engines: {node: '>=12'}

  esbuild@0.19.12:
    resolution: {integrity: sha512-aARqgq8roFBj054KvQr5f1sFu0D65G+miZRCuJyJ0G13Zwx7vRar5Zhn2tkQNzIXcBrNVsv/8stehpj+GAjgbg==}
    engines: {node: '>=12'}
    hasBin: true

  estree-walker@3.0.3:
    resolution: {integrity: sha512-7RUKfXgSMMkzt6ZuXmqapOurLGPPfgj6l9uRZ7lRGolvk0y2yocc35LdcxKC5PQZdn2DMqioAQ2NoWcrTKmm6g==}

  event-target-shim@5.0.1:
    resolution: {integrity: sha512-i/2XbnSz/uxRCU6+NdVJgKWDTM427+MqYbkQzD321DuCQJUqOuJKIA0IM2+W2xtYHdKOmZ4dR6fExsd4SXL+WQ==}
    engines: {node: '>=6'}

  execa@8.0.1:
    resolution: {integrity: sha512-VyhnebXciFV2DESc+p6B+y0LjSm0krU4OgJN44qFAhBY0TJ+1V61tYD2+wHusZ6F9n5K+vl8k0sTy7PEfV4qpg==}
    engines: {node: '>=16.17'}

  fflate@0.6.10:
    resolution: {integrity: sha512-IQrh3lEPM93wVCEczc9SaAOvkmcoQn/G8Bo1e8ZPlY3X3bnAxWaBdvTdvM1hP62iZp0BXWDy4vTAy4fF0+Dlpg==}

  form-data-encoder@1.7.2:
    resolution: {integrity: sha512-qfqtYan3rxrnCk1VYaA4H+Ms9xdpPqvLZa6xmMgFvhO32x7/3J/ExcTd6qpxM0vH2GdMI+poehyBZvqfMTto8A==}

  form-data@4.0.0:
    resolution: {integrity: sha512-ETEklSGi5t0QMZuiXoA/Q6vcnxcLQP5vdugSpuAyi6SVGi2clPPp+xgEhuMaHC+zGgn31Kd235W35f7Hykkaww==}
    engines: {node: '>= 6'}

  formdata-node@4.4.1:
    resolution: {integrity: sha512-0iirZp3uVDjVGt9p49aTaqjk84TrglENEDuqfdlZQ1roC9CWlPk6Avf8EEnZNcAqPonwkG35x4n3ww/1THYAeQ==}
    engines: {node: '>= 12.20'}

  fsevents@2.3.3:
    resolution: {integrity: sha512-5xoDfX+fL7faATnagmWPpbFtwh/R77WmMMqqHGS65C3vvB0YHrgF+B1YmZ3441tMj5n63k0212XNoJwzlhffQw==}
    engines: {node: ^8.16.0 || ^10.6.0 || >=11.0.0}
    os: [darwin]

  get-func-name@2.0.2:
    resolution: {integrity: sha512-8vXOvuE167CtIc3OyItco7N/dpRtBbYOsPsXCz7X/PMnlGjYjSGuZJgM1Y7mmew7BKf9BqvLX2tnOVy1BBUsxQ==}

  get-stream@8.0.1:
    resolution: {integrity: sha512-VaUJspBffn/LMCJVoMvSAdmscJyS1auj5Zulnn5UoYcY531UWmdwhRWkcGKnGU93m5HSXP9LP2usOryrBtQowA==}
    engines: {node: '>=16'}

  get-tsconfig@4.7.3:
    resolution: {integrity: sha512-ZvkrzoUA0PQZM6fy6+/Hce561s+faD1rsNwhnO5FelNjyy7EMGJ3Rz1AQ8GYDWjhRs/7dBLOEJvhK8MiEJOAFg==}

  human-signals@5.0.0:
    resolution: {integrity: sha512-AXcZb6vzzrFAUE61HnN4mpLqd/cSIwNQjtNWR0euPm6y0iqx3G4gOXaIDdtdDwZmhwe82LA6+zinmW4UBWVePQ==}
    engines: {node: '>=16.17.0'}

  humanize-ms@1.2.1:
    resolution: {integrity: sha512-Fl70vYtsAFb/C06PTS9dZBo7ihau+Tu/DNCk/OyHhea07S+aeMWpFFkUaXRa8fI+ScZbEI8dfSxwY7gxZ9SAVQ==}

  is-stream@3.0.0:
    resolution: {integrity: sha512-LnQR4bZ9IADDRSkvpqMGvt/tEJWclzklNgSw48V5EAaAeDd6qGvN8ei6k5p0tvxSR171VmGyHuTiAOfxAbr8kA==}
    engines: {node: ^12.20.0 || ^14.13.1 || >=16.0.0}

  isexe@2.0.0:
    resolution: {integrity: sha512-RHxMLp9lnKHGHRng9QFhRCMbYAcVpn69smSGcq3f36xjgVVWThj4qqLbTLlq7Ssj8B+fIQ1EuCEGI2lKsyQeIw==}

  js-tokens@8.0.3:
    resolution: {integrity: sha512-UfJMcSJc+SEXEl9lH/VLHSZbThQyLpw1vLO1Lb+j4RWDvG3N2f7yj3PVQA3cmkTBNldJ9eFnM+xEXxHIXrYiJw==}

  jsonc-parser@3.2.1:
    resolution: {integrity: sha512-AilxAyFOAcK5wA1+LeaySVBrHsGQvUFCDWXKpZjzaL0PqW+xfBOttn8GNtWKFWqneyMZj41MWF9Kl6iPWLwgOA==}

  local-pkg@0.5.0:
    resolution: {integrity: sha512-ok6z3qlYyCDS4ZEU27HaU6x/xZa9Whf8jD4ptH5UZTQYZVYeb9bnZ3ojVhiJNLiXK1Hfc0GNbLXcmZ5plLDDBg==}
    engines: {node: '>=14'}

  loupe@2.3.7:
    resolution: {integrity: sha512-zSMINGVYkdpYSOBmLi0D1Uo7JU9nVdQKrHxC8eYlV+9YKK9WePqAlL7lSlorG/U2Fw1w0hTBmaa/jrQ3UbPHtA==}

  magic-string@0.30.8:
    resolution: {integrity: sha512-ISQTe55T2ao7XtlAStud6qwYPZjE4GK1S/BeVPus4jrq6JuOnQ00YKQC581RWhR122W7msZV263KzVeLoqidyQ==}
    engines: {node: '>=12'}

  merge-stream@2.0.0:
    resolution: {integrity: sha512-abv/qOcuPfk3URPfDzmZU1LKmuw8kT+0nIHvKrKgFrwifol/doWcdA4ZqsWQ8ENrFKkd67Mfpo/LovbIUsbt3w==}

  meshoptimizer@0.18.1:
    resolution: {integrity: sha512-ZhoIoL7TNV4s5B6+rx5mC//fw8/POGyNxS/DZyCJeiZ12ScLfVwRE/GfsxwiTkMYYD5DmK2/JXnEVXqL4rF+Sw==}

  mime-db@1.52.0:
    resolution: {integrity: sha512-sPU4uV7dYlvtWJxwwxHD0PuihVNiE7TyAbQ5SWxDCB9mUYvOgroQOwYQQOKPJ8CIbE+1ETVlOoK1UC2nU3gYvg==}
    engines: {node: '>= 0.6'}

  mime-types@2.1.35:
    resolution: {integrity: sha512-ZDY+bPm5zTTF+YpCrAU9nK0UgICYPT0QtT1NZWFv4s++TNkcgVaT0g6+4R2uI4MjQjzysHB1zxuWL50hzaeXiw==}
    engines: {node: '>= 0.6'}

  mimic-fn@4.0.0:
    resolution: {integrity: sha512-vqiC06CuhBTUdZH+RYl8sFrL096vA45Ok5ISO6sE/Mr1jRbGH4Csnhi8f3wKVl7x8mO4Au7Ir9D3Oyv1VYMFJw==}
    engines: {node: '>=12'}

  mlly@1.6.1:
    resolution: {integrity: sha512-vLgaHvaeunuOXHSmEbZ9izxPx3USsk8KCQ8iC+aTlp5sKRSoZvwhHh5L9VbKSaVC6sJDqbyohIS76E2VmHIPAA==}

  ms@2.1.2:
    resolution: {integrity: sha512-sGkPx+VjMtmA6MX27oA4FBFELFCZZ4S4XqeGOXCv68tT+jb3vk/RyaKWP0PTKyWtmLSM0b+adUTEvbs1PEaH2w==}

  nanoid@3.3.7:
    resolution: {integrity: sha512-eSRppjcPIatRIMC1U6UngP8XFcz8MQWGQdt1MTBQ7NaAmvXDfvNxbvWV3x2y6CdEUciCSsDHDQZbhYaB8QEo2g==}
    engines: {node: ^10 || ^12 || ^13.7 || ^14 || >=15.0.1}
    hasBin: true

  node-domexception@1.0.0:
    resolution: {integrity: sha512-/jKZoMpw0F8GRwl4/eLROPA3cfcXtLApP0QzLmUT/HuPCZWyB7IY9ZrMeKw2O/nFIqPQB3PVM9aYm0F312AXDQ==}
    engines: {node: '>=10.5.0'}

  node-fetch@2.7.0:
    resolution: {integrity: sha512-c4FRfUm/dbcWZ7U+1Wq0AwCyFL+3nt2bEw05wfxSz+DWpWsitgmSgYmy2dQdWyKC1694ELPqMs/YzUSNozLt8A==}
    engines: {node: 4.x || >=6.0.0}
    peerDependencies:
      encoding: ^0.1.0
    peerDependenciesMeta:
      encoding:
        optional: true

  npm-run-path@5.3.0:
    resolution: {integrity: sha512-ppwTtiJZq0O/ai0z7yfudtBpWIoxM8yE6nHi1X47eFR2EWORqfbu6CnPlNsjeN683eT0qG6H/Pyf9fCcvjnnnQ==}
    engines: {node: ^12.20.0 || ^14.13.1 || >=16.0.0}

  onetime@6.0.0:
    resolution: {integrity: sha512-1FlR+gjXK7X+AsAHso35MnyN5KqGwJRi/31ft6x0M194ht7S+rWAvd7PHss9xSKMzE0asv1pyIHaJYq+BbacAQ==}
    engines: {node: '>=12'}

  openai@4.35.0:
    resolution: {integrity: sha512-K8GY7k4h+dT2GSmn3JGSjkwElpo8cPa4eQ6p++uK1HSrrIBp6NalD3A3DIamvX1AnIyrKqe8M//HoQWgjntUiA==}
    hasBin: true

  p-limit@5.0.0:
    resolution: {integrity: sha512-/Eaoq+QyLSiXQ4lyYV23f14mZRQcXnxfHrN0vCai+ak9G0pp9iEQukIIZq5NccEvwRB8PUnZT0KsOoDCINS1qQ==}
    engines: {node: '>=18'}

  path-key@3.1.1:
    resolution: {integrity: sha512-ojmeN0qd+y0jszEtoY48r0Peq5dwMEkIlCOu6Q5f41lfkswXuKtYrhgoTpLnyIcHm24Uhqx+5Tqm2InSwLhE6Q==}
    engines: {node: '>=8'}

  path-key@4.0.0:
    resolution: {integrity: sha512-haREypq7xkM7ErfgIyA0z+Bj4AGKlMSdlQE2jvJo6huWD1EdkKYV+G/T4nq0YEF2vgTT8kqMFKo1uHn950r4SQ==}
    engines: {node: '>=12'}

  pathe@1.1.2:
    resolution: {integrity: sha512-whLdWMYL2TwI08hn8/ZqAbrVemu0LNaNNJZX73O6qaIdCTfXutsLhMkjdENX0qhsQ9uIimo4/aQOmXkoon2nDQ==}

  pathval@1.1.1:
    resolution: {integrity: sha512-Dp6zGqpTdETdR63lehJYPeIOqpiNBNtc7BpWSLrOje7UaIsE5aY92r/AunQA7rsXvet3lrJ3JnZX29UPTKXyKQ==}

  picocolors@1.0.0:
    resolution: {integrity: sha512-1fygroTLlHu66zi26VoTDv8yRgm0Fccecssto+MhsZ0D/DGW2sm8E8AjW7NU5VVTRt5GxbeZ5qBuJr+HyLYkjQ==}

  pkg-types@1.0.3:
    resolution: {integrity: sha512-nN7pYi0AQqJnoLPC9eHFQ8AcyaixBUOwvqc5TDnIKCMEE6I0y8P7OKA7fPexsXGCGxQDl/cmrLAp26LhcwxZ4A==}

  postcss@8.4.35:
    resolution: {integrity: sha512-u5U8qYpBCpN13BsiEB0CbR1Hhh4Gc0zLFuedrHJKMctHCHAGrMdG0PRM/KErzAL3CU6/eckEtmHNB3x6e3c0vA==}
    engines: {node: ^10 || ^12 || >=14}

  pretty-format@29.7.0:
    resolution: {integrity: sha512-Pdlw/oPxN+aXdmM9R00JVC9WVFoCLTKJvDVLgmJ+qAffBMxsV85l/Lu7sNx4zSzPyoL2euImuEwHhOXdEgNFZQ==}
    engines: {node: ^14.15.0 || ^16.10.0 || >=18.0.0}

  react-is@18.2.0:
    resolution: {integrity: sha512-xWGDIW6x921xtzPkhiULtthJHoJvBbF3q26fzloPCK0hsvxtPVelvftw3zjbHWSkR2km9Z+4uxbDDK/6Zw9B8w==}

  resolve-pkg-maps@1.0.0:
    resolution: {integrity: sha512-seS2Tj26TBVOC2NIc2rOe2y2ZO7efxITtLZcGSOnHHNOQ7CkiUBfw0Iw2ck6xkIhPwLhKNLS8BO+hEpngQlqzw==}

  rollup@4.13.0:
    resolution: {integrity: sha512-3YegKemjoQnYKmsBlOHfMLVPPA5xLkQ8MHLLSw/fBrFaVkEayL51DilPpNNLq1exr98F2B1TzrV0FUlN3gWRPg==}
    engines: {node: '>=18.0.0', npm: '>=8.0.0'}
    hasBin: true

  shebang-command@2.0.0:
    resolution: {integrity: sha512-kHxr2zZpYtdmrN1qDjrrX/Z1rR1kG8Dx+gkpK1G4eXmvXswmcE1hTWBWYUzlraYw1/yZp6YuDY77YtvbN0dmDA==}
    engines: {node: '>=8'}

  shebang-regex@3.0.0:
    resolution: {integrity: sha512-7++dFhtcx3353uBaq8DDR4NuxBetBzC7ZQOhmTQInHEd6bSrXdiEyzCvG07Z44UYdLShWUyXt5M/yhz8ekcb1A==}
    engines: {node: '>=8'}

  siginfo@2.0.0:
    resolution: {integrity: sha512-ybx0WO1/8bSBLEWXZvEd7gMW3Sn3JFlW3TvX1nREbDLRNQNaeNN8WK0meBwPdAaOI7TtRRRJn/Es1zhrrCHu7g==}

  signal-exit@4.1.0:
    resolution: {integrity: sha512-bzyZ1e88w9O1iNJbKnOlvYTrWPDl46O1bG0D3XInv+9tkPrxrN8jUUTiFlDkkmKWgn1M6CfIA13SuGqOa9Korw==}
    engines: {node: '>=14'}

  source-map-js@1.1.0:
    resolution: {integrity: sha512-9vC2SfsJzlej6MAaMPLu8HiBSHGdRAJ9hVFYN1ibZoNkeanmDmLUcIrj6G9DGL7XMJ54AKg/G75akXl1/izTOw==}
    engines: {node: '>=0.10.0'}

  stackback@0.0.2:
    resolution: {integrity: sha512-1XMJE5fQo1jGH6Y/7ebnwPOBEkIEnT4QF32d5R1+VXdXveM0IBMJt8zfaxX1P3QhVwrYe+576+jkANtSS2mBbw==}

  std-env@3.7.0:
    resolution: {integrity: sha512-JPbdCEQLj1w5GilpiHAx3qJvFndqybBysA3qUOnznweH4QbNYUsW/ea8QzSrnh0vNsezMMw5bcVool8lM0gwzg==}

  strip-final-newline@3.0.0:
    resolution: {integrity: sha512-dOESqjYr96iWYylGObzd39EuNTa5VJxyvVAEm5Jnh7KGo75V43Hk1odPQkNDyXNmUR6k+gEiDVXnjB8HJ3crXw==}
    engines: {node: '>=12'}

  strip-literal@2.0.0:
    resolution: {integrity: sha512-f9vHgsCWBq2ugHAkGMiiYY+AYG0D/cbloKKg0nhaaaSNsujdGIpVXCNsrJpCKr5M0f4aI31mr13UjY6GAuXCKA==}

  three@0.162.0:
    resolution: {integrity: sha512-xfCYj4RnlozReCmUd+XQzj6/5OjDNHBy5nT6rVwrOKGENAvpXe2z1jL+DZYaMu4/9pNsjH/4Os/VvS9IrH7IOQ==}

  tinybench@2.6.0:
    resolution: {integrity: sha512-N8hW3PG/3aOoZAN5V/NSAEDz0ZixDSSt5b/a05iqtpgfLWMSVuCo7w0k2vVvEjdrIoeGqZzweX2WlyioNIHchA==}

  tinypool@0.8.2:
    resolution: {integrity: sha512-SUszKYe5wgsxnNOVlBYO6IC+8VGWdVGZWAqUxp3UErNBtptZvWbwyUOyzNL59zigz2rCA92QiL3wvG+JDSdJdQ==}
    engines: {node: '>=14.0.0'}

  tinyspy@2.2.1:
    resolution: {integrity: sha512-KYad6Vy5VDWV4GH3fjpseMQ/XU2BhIYP7Vzd0LG44qRWm/Yt2WCOTicFdvmgo6gWaqooMQCawTtILVQJupKu7A==}
    engines: {node: '>=14.0.0'}

  tr46@0.0.3:
    resolution: {integrity: sha512-N3WMsuqV66lT30CrXNbEjx4GEwlow3v6rr4mCcv6prnfwhS01rkgyFdjPNBYd9br7LpXV1+Emh01fHnq2Gdgrw==}

  tsx@4.7.1:
    resolution: {integrity: sha512-8d6VuibXHtlN5E3zFkgY8u4DX7Y3Z27zvvPKVmLon/D4AjuKzarkUBTLDBgj9iTQ0hg5xM7c/mYiRVM+HETf0g==}
    engines: {node: '>=18.0.0'}
    hasBin: true

  type-detect@4.0.8:
    resolution: {integrity: sha512-0fr/mIH1dlO+x7TlcMy+bIDqKPsw/70tVyeHW787goQjhmqaZe10uwLujubK9q9Lg6Fiho1KUKDYz0Z7k7g5/g==}
    engines: {node: '>=4'}

  typescript@5.4.2:
    resolution: {integrity: sha512-+2/g0Fds1ERlP6JsakQQDXjZdZMM+rqpamFZJEKh4kwTIn3iDkgKtby0CeNd5ATNZ4Ry1ax15TMx0W2V+miizQ==}
    engines: {node: '>=14.17'}
    hasBin: true

  typescript@5.4.3:
    resolution: {integrity: sha512-KrPd3PKaCLr78MalgiwJnA25Nm8HAmdwN3mYUYZgG/wizIo9EainNVQI9/yDavtVFRN2h3k8uf3GLHuhDMgEHg==}
    engines: {node: '>=14.17'}
    hasBin: true

  ufo@1.5.1:
    resolution: {integrity: sha512-HGyF79+/qZ4soRvM+nHERR2pJ3VXDZ/8sL1uLahdgEDf580NkgiWOxLk33FetExqOWp352JZRsgXbG/4MaGOSg==}

  undici-types@5.26.5:
    resolution: {integrity: sha512-JlCMO+ehdEIKqlFxk6IfVoAUVmgz7cU7zD/h9XZ0qzeosSHmUJVOzSQvvYSYWXkFXC+IfLKSIffhv0sVZup6pA==}

  vite-node@1.4.0:
    resolution: {integrity: sha512-VZDAseqjrHgNd4Kh8icYHWzTKSCZMhia7GyHfhtzLW33fZlG9SwsB6CEhgyVOWkJfJ2pFLrp/Gj1FSfAiqH9Lw==}
    engines: {node: ^18.0.0 || >=20.0.0}
    hasBin: true

  vite@5.1.6:
    resolution: {integrity: sha512-yYIAZs9nVfRJ/AiOLCA91zzhjsHUgMjB+EigzFb6W2XTLO8JixBCKCjvhKZaye+NKYHCrkv3Oh50dH9EdLU2RA==}
    engines: {node: ^18.0.0 || >=20.0.0}
    hasBin: true
    peerDependencies:
      '@types/node': ^18.0.0 || >=20.0.0
      less: '*'
      lightningcss: ^1.21.0
      sass: '*'
      stylus: '*'
      sugarss: '*'
      terser: ^5.4.0
    peerDependenciesMeta:
      '@types/node':
        optional: true
      less:
        optional: true
      lightningcss:
        optional: true
      sass:
        optional: true
      stylus:
        optional: true
      sugarss:
        optional: true
      terser:
        optional: true

  vitest@1.4.0:
    resolution: {integrity: sha512-gujzn0g7fmwf83/WzrDTnncZt2UiXP41mHuFYFrdwaLRVQ6JYQEiME2IfEjU3vcFL3VKa75XhI3lFgn+hfVsQw==}
    engines: {node: ^18.0.0 || >=20.0.0}
    hasBin: true
    peerDependencies:
      '@edge-runtime/vm': '*'
      '@types/node': ^18.0.0 || >=20.0.0
      '@vitest/browser': 1.4.0
      '@vitest/ui': 1.4.0
      happy-dom: '*'
      jsdom: '*'
    peerDependenciesMeta:
      '@edge-runtime/vm':
        optional: true
      '@types/node':
        optional: true
      '@vitest/browser':
        optional: true
      '@vitest/ui':
        optional: true
      happy-dom:
        optional: true
      jsdom:
        optional: true

  web-streams-polyfill@3.3.3:
    resolution: {integrity: sha512-d2JWLCivmZYTSIoge9MsgFCZrt571BikcWGYkjC1khllbTeDlGqZ2D8vD8E/lJa8WGWbb7Plm8/XJYV7IJHZZw==}
    engines: {node: '>= 8'}

  web-streams-polyfill@4.0.0-beta.3:
    resolution: {integrity: sha512-QW95TCTaHmsYfHDybGMwO5IJIM93I/6vTRk+daHTWFPhwh+C8Cg7j7XyKrwrj8Ib6vYXe0ocYNrmzY4xAAN6ug==}
    engines: {node: '>= 14'}

  web-worker@1.3.0:
    resolution: {integrity: sha512-BSR9wyRsy/KOValMgd5kMyr3JzpdeoR9KVId8u5GVlTTAtNChlsE4yTxeY7zMdNSyOmoKBv8NH2qeRY9Tg+IaA==}

  webidl-conversions@3.0.1:
    resolution: {integrity: sha512-2JAn3z8AR6rjK8Sm8orRC0h/bcl/DqL7tRPdGZ4I1CjdF+EaMLmYxBHyXuKL849eucPFhvBoxMsflfOb8kxaeQ==}

  whatwg-url@5.0.0:
    resolution: {integrity: sha512-saE57nupxk6v3HY35+jzBwYa0rKSy0XR8JSxZPwgLr7ys0IBzhGviA1/TUGJLmSVqs8pb9AnvICXEuOHLprYTw==}

  which@2.0.2:
    resolution: {integrity: sha512-BLI3Tl1TW3Pvl70l3yq3Y64i+awpwXqsGBYWkkqMtnbXgrMD+yj7rhW0kuEDxzJaYXGjEW5ogapKNMEKNMjibA==}
    engines: {node: '>= 8'}
    hasBin: true

  why-is-node-running@2.2.2:
    resolution: {integrity: sha512-6tSwToZxTOcotxHeA+qGCq1mVzKR3CwcJGmVcY+QE8SHy6TnpFnh8PAvPNHYr7EcuVeG0QSMxtYCuO1ta/G/oA==}
    engines: {node: '>=8'}
    hasBin: true

  yocto-queue@1.0.0:
    resolution: {integrity: sha512-9bnSc/HEW2uRy67wc+T8UwauLuPJVn28jb+GtJY16iiKWyvmYJRXVT4UamsAEGQfPohgr2q4Tq0sQbQlxTfi1g==}
    engines: {node: '>=12.20'}

snapshots:

  '@esbuild/aix-ppc64@0.19.12':
    optional: true

  '@esbuild/android-arm64@0.19.12':
    optional: true

  '@esbuild/android-arm@0.19.12':
    optional: true

  '@esbuild/android-x64@0.19.12':
    optional: true

  '@esbuild/darwin-arm64@0.19.12':
    optional: true

  '@esbuild/darwin-x64@0.19.12':
    optional: true

  '@esbuild/freebsd-arm64@0.19.12':
    optional: true

  '@esbuild/freebsd-x64@0.19.12':
    optional: true

  '@esbuild/linux-arm64@0.19.12':
    optional: true

  '@esbuild/linux-arm@0.19.12':
    optional: true

  '@esbuild/linux-ia32@0.19.12':
    optional: true

  '@esbuild/linux-loong64@0.19.12':
    optional: true

  '@esbuild/linux-mips64el@0.19.12':
    optional: true

  '@esbuild/linux-ppc64@0.19.12':
    optional: true

  '@esbuild/linux-riscv64@0.19.12':
    optional: true

  '@esbuild/linux-s390x@0.19.12':
    optional: true

  '@esbuild/linux-x64@0.19.12':
    optional: true

  '@esbuild/netbsd-x64@0.19.12':
    optional: true

  '@esbuild/openbsd-x64@0.19.12':
    optional: true

  '@esbuild/sunos-x64@0.19.12':
    optional: true

  '@esbuild/win32-arm64@0.19.12':
    optional: true

  '@esbuild/win32-ia32@0.19.12':
    optional: true

  '@esbuild/win32-x64@0.19.12':
    optional: true

  '@jest/schemas@29.6.3':
    dependencies:
      '@sinclair/typebox': 0.27.8

  '@jridgewell/sourcemap-codec@1.4.15': {}

  '@rollup/rollup-android-arm-eabi@4.13.0':
    optional: true

  '@rollup/rollup-android-arm64@4.13.0':
    optional: true

  '@rollup/rollup-darwin-arm64@4.13.0':
    optional: true

  '@rollup/rollup-darwin-x64@4.13.0':
    optional: true

  '@rollup/rollup-linux-arm-gnueabihf@4.13.0':
    optional: true

  '@rollup/rollup-linux-arm64-gnu@4.13.0':
    optional: true

  '@rollup/rollup-linux-arm64-musl@4.13.0':
    optional: true

  '@rollup/rollup-linux-riscv64-gnu@4.13.0':
    optional: true

  '@rollup/rollup-linux-x64-gnu@4.13.0':
    optional: true

  '@rollup/rollup-linux-x64-musl@4.13.0':
    optional: true

  '@rollup/rollup-win32-arm64-msvc@4.13.0':
    optional: true

  '@rollup/rollup-win32-ia32-msvc@4.13.0':
    optional: true

  '@rollup/rollup-win32-x64-msvc@4.13.0':
    optional: true

  '@sinclair/typebox@0.27.8': {}

  '@tweenjs/tween.js@23.1.1': {}

  '@types/assert@1.5.10': {}

  '@types/estree@1.0.5': {}

  '@types/node-fetch@2.6.11':
    dependencies:
      '@types/node': 20.12.7
      form-data: 4.0.0

  '@types/node@18.19.31':
    dependencies:
      undici-types: 5.26.5

  '@types/node@20.11.28':
    dependencies:
      undici-types: 5.26.5

  '@types/node@20.12.7':
    dependencies:
      undici-types: 5.26.5

  '@types/stats.js@0.17.3': {}

  '@types/three@0.162.0':
    dependencies:
      '@tweenjs/tween.js': 23.1.1
      '@types/stats.js': 0.17.3
      '@types/webxr': 0.5.14
      fflate: 0.6.10
      meshoptimizer: 0.18.1

  '@types/webxr@0.5.14': {}

  '@vitest/expect@1.4.0':
    dependencies:
      '@vitest/spy': 1.4.0
      '@vitest/utils': 1.4.0
      chai: 4.4.1

  '@vitest/runner@1.4.0':
    dependencies:
      '@vitest/utils': 1.4.0
      p-limit: 5.0.0
      pathe: 1.1.2

  '@vitest/snapshot@1.4.0':
    dependencies:
      magic-string: 0.30.8
      pathe: 1.1.2
      pretty-format: 29.7.0

  '@vitest/spy@1.4.0':
    dependencies:
      tinyspy: 2.2.1

  '@vitest/utils@1.4.0':
    dependencies:
      diff-sequences: 29.6.3
      estree-walker: 3.0.3
      loupe: 2.3.7
      pretty-format: 29.7.0

  abort-controller@3.0.0:
    dependencies:
      event-target-shim: 5.0.1

  acorn-walk@8.3.2: {}

  acorn@8.11.3: {}

  agentkeepalive@4.5.0:
    dependencies:
      humanize-ms: 1.2.1

  ansi-styles@5.2.0: {}

  assertion-error@1.1.0: {}

  asynckit@0.4.0: {}

  cac@6.7.14: {}

  chai@4.4.1:
    dependencies:
      assertion-error: 1.1.0
      check-error: 1.0.3
      deep-eql: 4.1.3
      get-func-name: 2.0.2
      loupe: 2.3.7
      pathval: 1.1.1
      type-detect: 4.0.8

  check-error@1.0.3:
    dependencies:
      get-func-name: 2.0.2

  combined-stream@1.0.8:
    dependencies:
      delayed-stream: 1.0.0

  cross-spawn@7.0.3:
    dependencies:
      path-key: 3.1.1
      shebang-command: 2.0.0
      which: 2.0.2

  debug@4.3.4:
    dependencies:
      ms: 2.1.2

  deep-eql@4.1.3:
    dependencies:
      type-detect: 4.0.8

  delayed-stream@1.0.0: {}

  diff-sequences@29.6.3: {}

  dotenv@16.4.5: {}

  esbuild@0.19.12:
    optionalDependencies:
      '@esbuild/aix-ppc64': 0.19.12
      '@esbuild/android-arm': 0.19.12
      '@esbuild/android-arm64': 0.19.12
      '@esbuild/android-x64': 0.19.12
      '@esbuild/darwin-arm64': 0.19.12
      '@esbuild/darwin-x64': 0.19.12
      '@esbuild/freebsd-arm64': 0.19.12
      '@esbuild/freebsd-x64': 0.19.12
      '@esbuild/linux-arm': 0.19.12
      '@esbuild/linux-arm64': 0.19.12
      '@esbuild/linux-ia32': 0.19.12
      '@esbuild/linux-loong64': 0.19.12
      '@esbuild/linux-mips64el': 0.19.12
      '@esbuild/linux-ppc64': 0.19.12
      '@esbuild/linux-riscv64': 0.19.12
      '@esbuild/linux-s390x': 0.19.12
      '@esbuild/linux-x64': 0.19.12
      '@esbuild/netbsd-x64': 0.19.12
      '@esbuild/openbsd-x64': 0.19.12
      '@esbuild/sunos-x64': 0.19.12
      '@esbuild/win32-arm64': 0.19.12
      '@esbuild/win32-ia32': 0.19.12
      '@esbuild/win32-x64': 0.19.12

  estree-walker@3.0.3:
    dependencies:
      '@types/estree': 1.0.5

  event-target-shim@5.0.1: {}

  execa@8.0.1:
    dependencies:
      cross-spawn: 7.0.3
      get-stream: 8.0.1
      human-signals: 5.0.0
      is-stream: 3.0.0
      merge-stream: 2.0.0
      npm-run-path: 5.3.0
      onetime: 6.0.0
      signal-exit: 4.1.0
      strip-final-newline: 3.0.0

  fflate@0.6.10: {}

  form-data-encoder@1.7.2: {}

  form-data@4.0.0:
    dependencies:
      asynckit: 0.4.0
      combined-stream: 1.0.8
      mime-types: 2.1.35

  formdata-node@4.4.1:
    dependencies:
      node-domexception: 1.0.0
      web-streams-polyfill: 4.0.0-beta.3

  fsevents@2.3.3:
    optional: true

  get-func-name@2.0.2: {}

  get-stream@8.0.1: {}

  get-tsconfig@4.7.3:
    dependencies:
      resolve-pkg-maps: 1.0.0

  human-signals@5.0.0: {}

  humanize-ms@1.2.1:
    dependencies:
      ms: 2.1.2

  is-stream@3.0.0: {}

  isexe@2.0.0: {}

  js-tokens@8.0.3: {}

  jsonc-parser@3.2.1: {}

  local-pkg@0.5.0:
    dependencies:
      mlly: 1.6.1
      pkg-types: 1.0.3

  loupe@2.3.7:
    dependencies:
      get-func-name: 2.0.2

  magic-string@0.30.8:
    dependencies:
      '@jridgewell/sourcemap-codec': 1.4.15

  merge-stream@2.0.0: {}

  meshoptimizer@0.18.1: {}

  mime-db@1.52.0: {}

  mime-types@2.1.35:
    dependencies:
      mime-db: 1.52.0

  mimic-fn@4.0.0: {}

  mlly@1.6.1:
    dependencies:
      acorn: 8.11.3
      pathe: 1.1.2
      pkg-types: 1.0.3
      ufo: 1.5.1

  ms@2.1.2: {}

  nanoid@3.3.7: {}

  node-domexception@1.0.0: {}

  node-fetch@2.7.0:
    dependencies:
      whatwg-url: 5.0.0

  npm-run-path@5.3.0:
    dependencies:
      path-key: 4.0.0

  onetime@6.0.0:
    dependencies:
      mimic-fn: 4.0.0

  openai@4.35.0:
    dependencies:
      '@types/node': 18.19.31
      '@types/node-fetch': 2.6.11
      abort-controller: 3.0.0
      agentkeepalive: 4.5.0
      form-data-encoder: 1.7.2
      formdata-node: 4.4.1
      node-fetch: 2.7.0
      web-streams-polyfill: 3.3.3
    transitivePeerDependencies:
      - encoding

  p-limit@5.0.0:
    dependencies:
      yocto-queue: 1.0.0

  path-key@3.1.1: {}

  path-key@4.0.0: {}

  pathe@1.1.2: {}

  pathval@1.1.1: {}

  picocolors@1.0.0: {}

  pkg-types@1.0.3:
    dependencies:
      jsonc-parser: 3.2.1
      mlly: 1.6.1
      pathe: 1.1.2

  postcss@8.4.35:
    dependencies:
      nanoid: 3.3.7
      picocolors: 1.0.0
      source-map-js: 1.1.0

  pretty-format@29.7.0:
    dependencies:
      '@jest/schemas': 29.6.3
      ansi-styles: 5.2.0
      react-is: 18.2.0

  react-is@18.2.0: {}

  resolve-pkg-maps@1.0.0: {}

  rollup@4.13.0:
    dependencies:
      '@types/estree': 1.0.5
    optionalDependencies:
      '@rollup/rollup-android-arm-eabi': 4.13.0
      '@rollup/rollup-android-arm64': 4.13.0
      '@rollup/rollup-darwin-arm64': 4.13.0
      '@rollup/rollup-darwin-x64': 4.13.0
      '@rollup/rollup-linux-arm-gnueabihf': 4.13.0
      '@rollup/rollup-linux-arm64-gnu': 4.13.0
      '@rollup/rollup-linux-arm64-musl': 4.13.0
      '@rollup/rollup-linux-riscv64-gnu': 4.13.0
      '@rollup/rollup-linux-x64-gnu': 4.13.0
      '@rollup/rollup-linux-x64-musl': 4.13.0
      '@rollup/rollup-win32-arm64-msvc': 4.13.0
      '@rollup/rollup-win32-ia32-msvc': 4.13.0
      '@rollup/rollup-win32-x64-msvc': 4.13.0
      fsevents: 2.3.3

  shebang-command@2.0.0:
    dependencies:
      shebang-regex: 3.0.0

  shebang-regex@3.0.0: {}

  siginfo@2.0.0: {}

  signal-exit@4.1.0: {}

  source-map-js@1.1.0: {}

  stackback@0.0.2: {}

  std-env@3.7.0: {}

  strip-final-newline@3.0.0: {}

  strip-literal@2.0.0:
    dependencies:
      js-tokens: 8.0.3

  three@0.162.0: {}

  tinybench@2.6.0: {}

  tinypool@0.8.2: {}

  tinyspy@2.2.1: {}

  tr46@0.0.3: {}

  tsx@4.7.1:
    dependencies:
      esbuild: 0.19.12
      get-tsconfig: 4.7.3
    optionalDependencies:
      fsevents: 2.3.3

  type-detect@4.0.8: {}

  typescript@5.4.2: {}

  typescript@5.4.3: {}

  ufo@1.5.1: {}

  undici-types@5.26.5: {}

  vite-node@1.4.0(@types/node@20.11.28):
    dependencies:
      cac: 6.7.14
      debug: 4.3.4
      pathe: 1.1.2
      picocolors: 1.0.0
      vite: 5.1.6(@types/node@20.11.28)
    transitivePeerDependencies:
      - '@types/node'
      - less
      - lightningcss
      - sass
      - stylus
      - sugarss
      - supports-color
      - terser

  vite@5.1.6(@types/node@20.11.28):
    dependencies:
      '@types/node': 20.11.28
      esbuild: 0.19.12
      postcss: 8.4.35
      rollup: 4.13.0
    optionalDependencies:
      fsevents: 2.3.3

  vitest@1.4.0(@types/node@20.11.28):
    dependencies:
      '@types/node': 20.11.28
      '@vitest/expect': 1.4.0
      '@vitest/runner': 1.4.0
      '@vitest/snapshot': 1.4.0
      '@vitest/spy': 1.4.0
      '@vitest/utils': 1.4.0
      acorn-walk: 8.3.2
      chai: 4.4.1
      debug: 4.3.4
      execa: 8.0.1
      local-pkg: 0.5.0
      magic-string: 0.30.8
      pathe: 1.1.2
      picocolors: 1.0.0
      std-env: 3.7.0
      strip-literal: 2.0.0
      tinybench: 2.6.0
      tinypool: 0.8.2
      vite: 5.1.6(@types/node@20.11.28)
      vite-node: 1.4.0(@types/node@20.11.28)
      why-is-node-running: 2.2.2
    transitivePeerDependencies:
      - less
      - lightningcss
      - sass
      - stylus
      - sugarss
      - supports-color
      - terser

  web-streams-polyfill@3.3.3: {}

  web-streams-polyfill@4.0.0-beta.3: {}

  web-worker@1.3.0: {}

  webidl-conversions@3.0.1: {}

  whatwg-url@5.0.0:
    dependencies:
      tr46: 0.0.3
      webidl-conversions: 3.0.1

  which@2.0.2:
    dependencies:
      isexe: 2.0.0

  why-is-node-running@2.2.2:
    dependencies:
      siginfo: 2.0.0
      stackback: 0.0.2

  yocto-queue@1.0.0: {}
